{
  "version": "5",
  "remote": {
    "https://esm.sh/@supabase/supabase-js@2.45.0": "36ae57c3f2dc3f94fd122a846b40a87114d29bb2f47e910cb46bee5575febf2e"
  },
  "workspace": {
    "packageJson": {
      "dependencies": [
        "npm:@capacitor/android@^8.3.4",
        "npm:@capacitor/app@^8.1.0",
        "npm:@capacitor/browser@^8.0.3",
        "npm:@capacitor/cli@^8.3.4",
        "npm:@capacitor/core@^8.3.4",
        "npm:@capacitor/filesystem@^8.1.2",
        "npm:@capacitor/keyboard@^8.0.3",
        "npm:@capacitor/local-notifications@^8.2.0",
        "npm:@capacitor/preferences@^8.0.1",
        "npm:@capacitor/push-notifications@^8.1.1",
        "npm:@capacitor/share@^8.0.1",
        "npm:@capacitor/splash-screen@^8.0.1",
        "npm:@capacitor/status-bar@^8.0.2",
        "npm:@capgo/capacitor-updater@^8.49.1",
        "npm:@hookform/resolvers@^3.6.0",
        "npm:@playwright/test@^1.45.0",
        "npm:@supabase/supabase-js@^2.45.0",
        "npm:@tanstack/query-async-storage-persister@^5.51.0",
        "npm:@tanstack/react-query-persist-client@^5.51.0",
        "npm:@tanstack/react-query@^5.51.0",
        "npm:@testing-library/jest-dom@^6.4.0",
        "npm:@testing-library/react@16",
        "npm:@types/mapbox-gl@^3.4.0",
        "npm:@types/node@^20.14.0",
        "npm:@types/qrcode@^1.5.5",
        "npm:@types/react-dom@^18.3.0",
        "npm:@types/react@^18.3.0",
        "npm:@typescript-eslint/eslint-plugin@^7.13.0",
        "npm:@typescript-eslint/parser@^7.13.0",
        "npm:@vitejs/plugin-react@^4.3.0",
        "npm:archiver@^7.0.1",
        "npm:autoprefixer@^10.4.19",
        "npm:cross-env@^7.0.3",
        "npm:date-fns@^3.6.0",
        "npm:dexie-react-hooks@^1.1.7",
        "npm:dexie@^4.0.8",
        "npm:eslint-plugin-jsx-a11y@^6.9.0",
        "npm:eslint-plugin-react-hooks@^4.6.0",
        "npm:eslint-plugin-react-refresh@~0.4.7",
        "npm:eslint-plugin-react@^7.34.0",
        "npm:eslint@^8.57.0",
        "npm:html2canvas@^1.4.1",
        "npm:jsdom@^24.1.0",
        "npm:lucide-react@0.395",
        "npm:mapbox-gl@^3.5.0",
        "npm:modern-screenshot@^4.7.0",
        "npm:postcss@^8.4.38",
        "npm:prettier@^3.3.0",
        "npm:qrcode@^1.5.4",
        "npm:react-dom@^18.3.1",
        "npm:react-hook-form@^7.52.0",
        "npm:react-router-dom@^6.24.0",
        "npm:react@^18.3.1",
        "npm:recharts@^2.15.4",
        "npm:sonner@^1.5.0",
        "npm:supabase@^2.101.0",
        "npm:tailwindcss@^3.4.4",
        "npm:tsx@^4.15.0",
        "npm:typescript@^5.4.5",
        "npm:vite-plugin-pwa@0.20",
        "npm:vite@^5.3.0",
        "npm:vitest@^1.6.0",
        "npm:workbox-window@^7.1.0",
        "npm:xlsx@~0.18.5",
        "npm:zod@^3.23.0",
        "npm:zustand@^4.5.0"
      ]
    }
  }
}
